
Microsoft Visual Studio Solution File, Format Version 10.00
# Visual Studio 2008
Project("{FAE04EC0-301F-11D3-BF4B-00C04F79EFBC}") = "Sicily.Robotix.MicroController", "Sicily.Robotix.Microcontroller\Sicily.Robotix.MicroController.csproj", "{D497459A-6111-4CFB-8BD9-FE946DD07517}"
EndProject
Project("{FAE04EC0-301F-11D3-BF4B-00C04F79EFBC}") = "Sicily.Robotix.RobotiTalk", "Sicily.Robotix.RobotiTalk\Sicily.Robotix.RobotiTalk.csproj", "{DCF0515A-61BC-4098-A5C8-DE32DE010710}"
EndProject
Project("{FAE04EC0-301F-11D3-BF4B-00C04F79EFBC}") = "Sicily.Robotix.Robots", "Sicily.Robotix.Robots\Sicily.Robotix.Robots.csproj", "{A4B8C610-6785-4957-9CCC-AD1CB14D2048}"
EndProject
Project("{FAE04EC0-301F-11D3-BF4B-00C04F79EFBC}") = "Sicily.Wpf.Validators", "Sicily.Wpf.Validators\Sicily.Wpf.Validators.csproj", "{FD16470D-EFF9-4B8C-8475-78322F059E13}"
EndProject
Global
	GlobalSection(SolutionConfigurationPlatforms) = preSolution
		Debug|Any CPU = Debug|Any CPU
		Release|Any CPU = Release|Any CPU
	EndGlobalSection
	GlobalSection(ProjectConfigurationPlatforms) = postSolution
		{D497459A-6111-4CFB-8BD9-FE946DD07517}.Debug|Any CPU.ActiveCfg = Debug|Any CPU
		{D497459A-6111-4CFB-8BD9-FE946DD07517}.Debug|Any CPU.Build.0 = Debug|Any CPU
		{D497459A-6111-4CFB-8BD9-FE946DD07517}.Release|Any CPU.ActiveCfg = Release|Any CPU
		{D497459A-6111-4CFB-8BD9-FE946DD07517}.Release|Any CPU.Build.0 = Release|Any CPU
		{DCF0515A-61BC-4098-A5C8-DE32DE010710}.Debug|Any CPU.ActiveCfg = Debug|Any CPU
		{DCF0515A-61BC-4098-A5C8-DE32DE010710}.Debug|Any CPU.Build.0 = Debug|Any CPU
		{DCF0515A-61BC-4098-A5C8-DE32DE010710}.Release|Any CPU.ActiveCfg = Release|Any CPU
		{DCF0515A-61BC-4098-A5C8-DE32DE010710}.Release|Any CPU.Build.0 = Release|Any CPU
		{A4B8C610-6785-4957-9CCC-AD1CB14D2048}.Debug|Any CPU.ActiveCfg = Debug|Any CPU
		{A4B8C610-6785-4957-9CCC-AD1CB14D2048}.Debug|Any CPU.Build.0 = Debug|Any CPU
		{A4B8C610-6785-4957-9CCC-AD1CB14D2048}.Release|Any CPU.ActiveCfg = Release|Any CPU
		{A4B8C610-6785-4957-9CCC-AD1CB14D2048}.Release|Any CPU.Build.0 = Release|Any CPU
		{FD16470D-EFF9-4B8C-8475-78322F059E13}.Debug|Any CPU.ActiveCfg = Debug|Any CPU
		{FD16470D-EFF9-4B8C-8475-78322F059E13}.Debug|Any CPU.Build.0 = Debug|Any CPU
		{FD16470D-EFF9-4B8C-8475-78322F059E13}.Release|Any CPU.ActiveCfg = Release|Any CPU
		{FD16470D-EFF9-4B8C-8475-78322F059E13}.Release|Any CPU.Build.0 = Release|Any CPU
	EndGlobalSection
	GlobalSection(SolutionProperties) = preSolution
		HideSolutionNode = FALSE
	EndGlobalSection
EndGlobal
